
Microsoft Visual Studio Solution File, Format Version 12.00
# Visual Studio 15
VisualStudioVersion = 15.0.28307.421
MinimumVisualStudioVersion = 10.0.40219.1
Project("{FAE04EC0-301F-11D3-BF4B-00C04F79EFBC}") = "In.ServiceCommon", "In.ServiceCommon\In.ServiceCommon.csproj", "{BA5D8FAB-7CB5-4708-83A2-077D428666DD}"
EndProject
Project("{FAE04EC0-301F-11D3-BF4B-00C04F79EFBC}") = "In.ServiceCommon.Client", "In.ServiceCommon.Client\In.ServiceCommon.Client.csproj", "{C32B208A-C791-4D58-ACB1-4CA1EB622EF6}"
EndProject
Project("{FAE04EC0-301F-11D3-BF4B-00C04F79EFBC}") = "In.SomeService", "In.SomeService\In.SomeService.csproj", "{0105C76B-C217-4852-9713-EF0FE04A80AC}"
EndProject
Global
	GlobalSection(SolutionConfigurationPlatforms) = preSolution
		Debug|Any CPU = Debug|Any CPU
		Release|Any CPU = Release|Any CPU
	EndGlobalSection
	GlobalSection(ProjectConfigurationPlatforms) = postSolution
		{BA5D8FAB-7CB5-4708-83A2-077D428666DD}.Debug|Any CPU.ActiveCfg = Debug|Any CPU
		{BA5D8FAB-7CB5-4708-83A2-077D428666DD}.Debug|Any CPU.Build.0 = Debug|Any CPU
		{BA5D8FAB-7CB5-4708-83A2-077D428666DD}.Release|Any CPU.ActiveCfg = Release|Any CPU
		{BA5D8FAB-7CB5-4708-83A2-077D428666DD}.Release|Any CPU.Build.0 = Release|Any CPU
		{C32B208A-C791-4D58-ACB1-4CA1EB622EF6}.Debug|Any CPU.ActiveCfg = Debug|Any CPU
		{C32B208A-C791-4D58-ACB1-4CA1EB622EF6}.Debug|Any CPU.Build.0 = Debug|Any CPU
		{C32B208A-C791-4D58-ACB1-4CA1EB622EF6}.Release|Any CPU.ActiveCfg = Release|Any CPU
		{C32B208A-C791-4D58-ACB1-4CA1EB622EF6}.Release|Any CPU.Build.0 = Release|Any CPU
		{0105C76B-C217-4852-9713-EF0FE04A80AC}.Debug|Any CPU.ActiveCfg = Debug|Any CPU
		{0105C76B-C217-4852-9713-EF0FE04A80AC}.Debug|Any CPU.Build.0 = Debug|Any CPU
		{0105C76B-C217-4852-9713-EF0FE04A80AC}.Release|Any CPU.ActiveCfg = Release|Any CPU
		{0105C76B-C217-4852-9713-EF0FE04A80AC}.Release|Any CPU.Build.0 = Release|Any CPU
	EndGlobalSection
	GlobalSection(SolutionProperties) = preSolution
		HideSolutionNode = FALSE
	EndGlobalSection
	GlobalSection(ExtensibilityGlobals) = postSolution
		SolutionGuid = {45E459AC-5410-4AF2-9B6F-D0D3A45C0860}
	EndGlobalSection
EndGlobal
